
Microsoft Visual Studio Solution File, Format Version 12.00
# Visual Studio 2013
VisualStudioVersion = 12.0.30501.0
MinimumVisualStudioVersion = 10.0.40219.1
Project("{FAE04EC0-301F-11D3-BF4B-00C04F79EFBC}") = "MF_Base", "MF_Base\MF_Base.csproj", "{C946DF5C-2EC0-4B04-80B7-B7321C1F099E}"
EndProject
Project("{FAE04EC0-301F-11D3-BF4B-00C04F79EFBC}") = "AutoUI", "AutoUI\AutoUI.csproj", "{CE64084F-FDFB-432F-84C5-918CFC12CE94}"
EndProject
Project("{2150E333-8FDC-42A3-9474-1A3956D46DE8}") = "1.DBConfig", "1.DBConfig", "{8E8ED3A8-07CF-4B7A-B0A5-A04979B0B4C0}"
EndProject
Project("{2150E333-8FDC-42A3-9474-1A3956D46DE8}") = "2.Web", "2.Web", "{E9CB010C-C49A-4025-927B-E1148C79C1E6}"
EndProject
Project("{FAE04EC0-301F-11D3-BF4B-00C04F79EFBC}") = "BaseResource", "BaseResource\BaseResource.csproj", "{569C665F-553F-4D01-8221-7389403925C7}"
EndProject
Project("{2150E333-8FDC-42A3-9474-1A3956D46DE8}") = "3.WebConfig", "3.WebConfig", "{2E84ED3C-4DB9-4A60-8EDA-9F7DBD1E4C2F}"
	ProjectSection(SolutionItems) = preProject
		Web.config = Web.config
	EndProjectSection
EndProject
Project("{FAE04EC0-301F-11D3-BF4B-00C04F79EFBC}") = "MF_WorkFlow", "MF_WorkFlow\MF_WorkFlow.csproj", "{EFBD3D93-AF2C-4216-BB76-A6570763305B}"
EndProject
Project("{FAE04EC0-301F-11D3-BF4B-00C04F79EFBC}") = "WorkFlow", "WorkFlow\WorkFlow.csproj", "{1382B881-D2F8-412F-9B75-1DB6E6040B08}"
EndProject
Project("{FAE04EC0-301F-11D3-BF4B-00C04F79EFBC}") = "MF_Project", "MF_Project\MF_Project.csproj", "{A6E32A03-33A0-4C87-8F46-AEEE56B5408E}"
EndProject
Project("{2150E333-8FDC-42A3-9474-1A3956D46DE8}") = "4.Other", "4.Other", "{0E67367E-C19B-46A2-8744-304E1F56E843}"
EndProject
Project("{FAE04EC0-301F-11D3-BF4B-00C04F79EFBC}") = "EFBase", "EFBase\EFBase.csproj", "{2EC68DBB-A0ED-401C-92CF-B2B3904EBB76}"
EndProject
Project("{FAE04EC0-301F-11D3-BF4B-00C04F79EFBC}") = "MFTool", "MFTool\MFTool.csproj", "{3438CDD7-2F17-4798-83AD-2C4E99BAD4A3}"
EndProject
Project("{FAE04EC0-301F-11D3-BF4B-00C04F79EFBC}") = "UIBase", "UIBase\UIBase.csproj", "{7AFBDA4A-4151-4071-AEE3-F207DABCFC94}"
EndProject
Project("{2150E333-8FDC-42A3-9474-1A3956D46DE8}") = "0.Base", "0.Base", "{8B1AC38F-2EED-499E-B1D3-3C98C910636F}"
EndProject
Project("{FAE04EC0-301F-11D3-BF4B-00C04F79EFBC}") = "Project", "Project\Project.csproj", "{1753F3B7-831F-4BA3-AB17-495EE4F2E583}"
EndProject
Global
	GlobalSection(SolutionConfigurationPlatforms) = preSolution
		Debug|Any CPU = Debug|Any CPU
		Release|Any CPU = Release|Any CPU
	EndGlobalSection
	GlobalSection(ProjectConfigurationPlatforms) = postSolution
		{C946DF5C-2EC0-4B04-80B7-B7321C1F099E}.Debug|Any CPU.ActiveCfg = Debug|Any CPU
		{C946DF5C-2EC0-4B04-80B7-B7321C1F099E}.Debug|Any CPU.Build.0 = Debug|Any CPU
		{C946DF5C-2EC0-4B04-80B7-B7321C1F099E}.Release|Any CPU.ActiveCfg = Release|Any CPU
		{C946DF5C-2EC0-4B04-80B7-B7321C1F099E}.Release|Any CPU.Build.0 = Release|Any CPU
		{CE64084F-FDFB-432F-84C5-918CFC12CE94}.Debug|Any CPU.ActiveCfg = Debug|Any CPU
		{CE64084F-FDFB-432F-84C5-918CFC12CE94}.Debug|Any CPU.Build.0 = Debug|Any CPU
		{CE64084F-FDFB-432F-84C5-918CFC12CE94}.Release|Any CPU.ActiveCfg = Release|Any CPU
		{CE64084F-FDFB-432F-84C5-918CFC12CE94}.Release|Any CPU.Build.0 = Release|Any CPU
		{569C665F-553F-4D01-8221-7389403925C7}.Debug|Any CPU.ActiveCfg = Debug|Any CPU
		{569C665F-553F-4D01-8221-7389403925C7}.Debug|Any CPU.Build.0 = Debug|Any CPU
		{569C665F-553F-4D01-8221-7389403925C7}.Release|Any CPU.ActiveCfg = Release|Any CPU
		{569C665F-553F-4D01-8221-7389403925C7}.Release|Any CPU.Build.0 = Release|Any CPU
		{EFBD3D93-AF2C-4216-BB76-A6570763305B}.Debug|Any CPU.ActiveCfg = Debug|Any CPU
		{EFBD3D93-AF2C-4216-BB76-A6570763305B}.Debug|Any CPU.Build.0 = Debug|Any CPU
		{EFBD3D93-AF2C-4216-BB76-A6570763305B}.Release|Any CPU.ActiveCfg = Release|Any CPU
		{EFBD3D93-AF2C-4216-BB76-A6570763305B}.Release|Any CPU.Build.0 = Release|Any CPU
		{1382B881-D2F8-412F-9B75-1DB6E6040B08}.Debug|Any CPU.ActiveCfg = Debug|Any CPU
		{1382B881-D2F8-412F-9B75-1DB6E6040B08}.Debug|Any CPU.Build.0 = Debug|Any CPU
		{1382B881-D2F8-412F-9B75-1DB6E6040B08}.Release|Any CPU.ActiveCfg = Release|Any CPU
		{1382B881-D2F8-412F-9B75-1DB6E6040B08}.Release|Any CPU.Build.0 = Release|Any CPU
		{A6E32A03-33A0-4C87-8F46-AEEE56B5408E}.Debug|Any CPU.ActiveCfg = Debug|Any CPU
		{A6E32A03-33A0-4C87-8F46-AEEE56B5408E}.Debug|Any CPU.Build.0 = Debug|Any CPU
		{A6E32A03-33A0-4C87-8F46-AEEE56B5408E}.Release|Any CPU.ActiveCfg = Release|Any CPU
		{A6E32A03-33A0-4C87-8F46-AEEE56B5408E}.Release|Any CPU.Build.0 = Release|Any CPU
		{2EC68DBB-A0ED-401C-92CF-B2B3904EBB76}.Debug|Any CPU.ActiveCfg = Debug|Any CPU
		{2EC68DBB-A0ED-401C-92CF-B2B3904EBB76}.Debug|Any CPU.Build.0 = Debug|Any CPU
		{2EC68DBB-A0ED-401C-92CF-B2B3904EBB76}.Release|Any CPU.ActiveCfg = Release|Any CPU
		{2EC68DBB-A0ED-401C-92CF-B2B3904EBB76}.Release|Any CPU.Build.0 = Release|Any CPU
		{3438CDD7-2F17-4798-83AD-2C4E99BAD4A3}.Debug|Any CPU.ActiveCfg = Debug|Any CPU
		{3438CDD7-2F17-4798-83AD-2C4E99BAD4A3}.Debug|Any CPU.Build.0 = Debug|Any CPU
		{3438CDD7-2F17-4798-83AD-2C4E99BAD4A3}.Release|Any CPU.ActiveCfg = Release|Any CPU
		{3438CDD7-2F17-4798-83AD-2C4E99BAD4A3}.Release|Any CPU.Build.0 = Release|Any CPU
		{7AFBDA4A-4151-4071-AEE3-F207DABCFC94}.Debug|Any CPU.ActiveCfg = Debug|Any CPU
		{7AFBDA4A-4151-4071-AEE3-F207DABCFC94}.Debug|Any CPU.Build.0 = Debug|Any CPU
		{7AFBDA4A-4151-4071-AEE3-F207DABCFC94}.Release|Any CPU.ActiveCfg = Release|Any CPU
		{7AFBDA4A-4151-4071-AEE3-F207DABCFC94}.Release|Any CPU.Build.0 = Release|Any CPU
		{1753F3B7-831F-4BA3-AB17-495EE4F2E583}.Debug|Any CPU.ActiveCfg = Debug|Any CPU
		{1753F3B7-831F-4BA3-AB17-495EE4F2E583}.Debug|Any CPU.Build.0 = Debug|Any CPU
		{1753F3B7-831F-4BA3-AB17-495EE4F2E583}.Release|Any CPU.ActiveCfg = Release|Any CPU
		{1753F3B7-831F-4BA3-AB17-495EE4F2E583}.Release|Any CPU.Build.0 = Release|Any CPU
	EndGlobalSection
	GlobalSection(SolutionProperties) = preSolution
		HideSolutionNode = FALSE
	EndGlobalSection
	GlobalSection(NestedProjects) = preSolution
		{C946DF5C-2EC0-4B04-80B7-B7321C1F099E} = {8E8ED3A8-07CF-4B7A-B0A5-A04979B0B4C0}
		{CE64084F-FDFB-432F-84C5-918CFC12CE94} = {E9CB010C-C49A-4025-927B-E1148C79C1E6}
		{569C665F-553F-4D01-8221-7389403925C7} = {E9CB010C-C49A-4025-927B-E1148C79C1E6}
		{EFBD3D93-AF2C-4216-BB76-A6570763305B} = {8E8ED3A8-07CF-4B7A-B0A5-A04979B0B4C0}
		{1382B881-D2F8-412F-9B75-1DB6E6040B08} = {E9CB010C-C49A-4025-927B-E1148C79C1E6}
		{A6E32A03-33A0-4C87-8F46-AEEE56B5408E} = {8E8ED3A8-07CF-4B7A-B0A5-A04979B0B4C0}
		{2EC68DBB-A0ED-401C-92CF-B2B3904EBB76} = {8B1AC38F-2EED-499E-B1D3-3C98C910636F}
		{3438CDD7-2F17-4798-83AD-2C4E99BAD4A3} = {8B1AC38F-2EED-499E-B1D3-3C98C910636F}
		{7AFBDA4A-4151-4071-AEE3-F207DABCFC94} = {8B1AC38F-2EED-499E-B1D3-3C98C910636F}
		{1753F3B7-831F-4BA3-AB17-495EE4F2E583} = {E9CB010C-C49A-4025-927B-E1148C79C1E6}
	EndGlobalSection
	GlobalSection(ExtensibilityGlobals) = postSolution
		VisualSVNWorkingCopyRoot = .
	EndGlobalSection
EndGlobal
